{
  "object": {
    "pins": [
      {
        "package": "Nuke",
        "repositoryURL": "https://github.com/kean/Nuke",
        "state": {
          "branch": null,
          "revision": "472a03c15f39592007d94f25abe554350bc8aa2b",
          "version": "10.5.1"
        }
      },
      {
        "package": "TendiesStarscream",
        "repositoryURL": "https://github.com/TendiesAF/Starscream.git",
        "state": {
          "branch": "tendies/collision-fix",
          "revision": "668475c9863abeb56c0a77ad01dc086e32e4a5c2",
          "version": null
        }
      },
      {
        "package": "SnapshotTesting",
        "repositoryURL": "https://github.com/pointfreeco/swift-snapshot-testing.git",
        "state": {
          "branch": null,
          "revision": "f8a9c997c3c1dab4e216a8ec9014e23144cbab37",
          "version": "1.9.0"
        }
      },
      {
        "package": "SwiftyGif",
        "repositoryURL": "https://github.com/kirualex/SwiftyGif.git",
        "state": {
          "branch": null,
          "revision": "0cd770feed5807d9fd4fa8df5ad74b56b814b0c8",
          "version": "5.4.0"
        }
      }
    ]
  },
  "version": 1
}
